
Microsoft Visual Studio Solution File, Format Version 12.00
# Visual Studio Version 16
VisualStudioVersion = 16.0.29920.165
MinimumVisualStudioVersion = 10.0.40219.1
Project("{2150E333-8FDC-42A3-9474-1A3956D46DE8}") = "src", "src", "{66624D44-B0CE-44B5-82DA-F36A67D3752C}"
EndProject
Project("{2150E333-8FDC-42A3-9474-1A3956D46DE8}") = "RepositoryImplementations", "RepositoryImplementations", "{AEE697F9-9164-45BF-A465-0F2EE01C8042}"
EndProject
Project("{2150E333-8FDC-42A3-9474-1A3956D46DE8}") = "DeploymentImplementations", "DeploymentImplementations", "{BE614A47-BF5E-4678-B587-F5912FFCAA7A}"
EndProject
Project("{2150E333-8FDC-42A3-9474-1A3956D46DE8}") = "SenderImplementations", "SenderImplementations", "{ED919878-B9DB-43FB-9C73-AE12E9A1BEBF}"
EndProject
Project("{9A19103F-16F7-4668-BE54-9A1E7A4F7556}") = "AzureFunction", "src\DeploymentImplementations\AuzreFunction\AzureFunction.csproj", "{FC3162DC-09F9-4126-B81C-E35E1193C21F}"
EndProject
Project("{9A19103F-16F7-4668-BE54-9A1E7A4F7556}") = "AzureTableStorage", "src\RepositoryImplementations\AzureTableStorage\AzureTableStorage.csproj", "{A2658A83-92DB-46C0-8B92-041A3EB35FFA}"
EndProject
Project("{9A19103F-16F7-4668-BE54-9A1E7A4F7556}") = "SendGrid", "src\SenderImplementations\SendGrid\SendGrid.csproj", "{F6DCCF47-2F59-4066-B7CC-EADE68CA9EFF}"
EndProject
Project("{9A19103F-16F7-4668-BE54-9A1E7A4F7556}") = "Common", "src\Common\Common.csproj", "{3E19E578-A8AC-46CA-B761-A4C1B65A5B5B}"
EndProject
Global
	GlobalSection(SolutionConfigurationPlatforms) = preSolution
		Debug|Any CPU = Debug|Any CPU
		Release|Any CPU = Release|Any CPU
	EndGlobalSection
	GlobalSection(ProjectConfigurationPlatforms) = postSolution
		{FC3162DC-09F9-4126-B81C-E35E1193C21F}.Debug|Any CPU.ActiveCfg = Debug|Any CPU
		{FC3162DC-09F9-4126-B81C-E35E1193C21F}.Debug|Any CPU.Build.0 = Debug|Any CPU
		{FC3162DC-09F9-4126-B81C-E35E1193C21F}.Release|Any CPU.ActiveCfg = Release|Any CPU
		{FC3162DC-09F9-4126-B81C-E35E1193C21F}.Release|Any CPU.Build.0 = Release|Any CPU
		{A2658A83-92DB-46C0-8B92-041A3EB35FFA}.Debug|Any CPU.ActiveCfg = Debug|Any CPU
		{A2658A83-92DB-46C0-8B92-041A3EB35FFA}.Debug|Any CPU.Build.0 = Debug|Any CPU
		{A2658A83-92DB-46C0-8B92-041A3EB35FFA}.Release|Any CPU.ActiveCfg = Release|Any CPU
		{A2658A83-92DB-46C0-8B92-041A3EB35FFA}.Release|Any CPU.Build.0 = Release|Any CPU
		{F6DCCF47-2F59-4066-B7CC-EADE68CA9EFF}.Debug|Any CPU.ActiveCfg = Debug|Any CPU
		{F6DCCF47-2F59-4066-B7CC-EADE68CA9EFF}.Debug|Any CPU.Build.0 = Debug|Any CPU
		{F6DCCF47-2F59-4066-B7CC-EADE68CA9EFF}.Release|Any CPU.ActiveCfg = Release|Any CPU
		{F6DCCF47-2F59-4066-B7CC-EADE68CA9EFF}.Release|Any CPU.Build.0 = Release|Any CPU
		{3E19E578-A8AC-46CA-B761-A4C1B65A5B5B}.Debug|Any CPU.ActiveCfg = Debug|Any CPU
		{3E19E578-A8AC-46CA-B761-A4C1B65A5B5B}.Debug|Any CPU.Build.0 = Debug|Any CPU
		{3E19E578-A8AC-46CA-B761-A4C1B65A5B5B}.Release|Any CPU.ActiveCfg = Release|Any CPU
		{3E19E578-A8AC-46CA-B761-A4C1B65A5B5B}.Release|Any CPU.Build.0 = Release|Any CPU
	EndGlobalSection
	GlobalSection(SolutionProperties) = preSolution
		HideSolutionNode = FALSE
	EndGlobalSection
	GlobalSection(NestedProjects) = preSolution
		{AEE697F9-9164-45BF-A465-0F2EE01C8042} = {66624D44-B0CE-44B5-82DA-F36A67D3752C}
		{BE614A47-BF5E-4678-B587-F5912FFCAA7A} = {66624D44-B0CE-44B5-82DA-F36A67D3752C}
		{ED919878-B9DB-43FB-9C73-AE12E9A1BEBF} = {66624D44-B0CE-44B5-82DA-F36A67D3752C}
		{FC3162DC-09F9-4126-B81C-E35E1193C21F} = {BE614A47-BF5E-4678-B587-F5912FFCAA7A}
		{A2658A83-92DB-46C0-8B92-041A3EB35FFA} = {AEE697F9-9164-45BF-A465-0F2EE01C8042}
		{F6DCCF47-2F59-4066-B7CC-EADE68CA9EFF} = {ED919878-B9DB-43FB-9C73-AE12E9A1BEBF}
	EndGlobalSection
	GlobalSection(ExtensibilityGlobals) = postSolution
		SolutionGuid = {8412A452-89C3-40A2-92AB-D303DE979437}
	EndGlobalSection
EndGlobal
